
Microsoft Visual Studio Solution File, Format Version 12.00
# Visual Studio Version 16
VisualStudioVersion = 16.0.31313.79
MinimumVisualStudioVersion = 10.0.40219.1
Project("{FAE04EC0-301F-11D3-BF4B-00C04F79EFBC}") = "Drinks_order", "Drinks_order\Drinks_order.csproj", "{799E0772-6CA0-4093-89FD-0341B1F670B2}"
EndProject
Global
	GlobalSection(SolutionConfigurationPlatforms) = preSolution
		Debug|Any CPU = Debug|Any CPU
		Release|Any CPU = Release|Any CPU
	EndGlobalSection
	GlobalSection(ProjectConfigurationPlatforms) = postSolution
		{799E0772-6CA0-4093-89FD-0341B1F670B2}.Debug|Any CPU.ActiveCfg = Debug|Any CPU
		{799E0772-6CA0-4093-89FD-0341B1F670B2}.Debug|Any CPU.Build.0 = Debug|Any CPU
		{799E0772-6CA0-4093-89FD-0341B1F670B2}.Release|Any CPU.ActiveCfg = Release|Any CPU
		{799E0772-6CA0-4093-89FD-0341B1F670B2}.Release|Any CPU.Build.0 = Release|Any CPU
	EndGlobalSection
	GlobalSection(SolutionProperties) = preSolution
		HideSolutionNode = FALSE
	EndGlobalSection
	GlobalSection(ExtensibilityGlobals) = postSolution
		SolutionGuid = {635FF1C5-4298-4D11-9E98-2CCFEC45CD08}
	EndGlobalSection
EndGlobal
