
Microsoft Visual Studio Solution File, Format Version 12.00
# Visual Studio Version 16
VisualStudioVersion = 16.0.31313.79
MinimumVisualStudioVersion = 10.0.40219.1
Project("{9A19103F-16F7-4668-BE54-9A1E7A4F7556}") = "LoadingPicture", "WinFormsApp1\LoadingPicture.csproj", "{49D529E8-9CEF-4FC6-A8D0-B07B1E20D332}"
EndProject
Global
	GlobalSection(SolutionConfigurationPlatforms) = preSolution
		Debug|Any CPU = Debug|Any CPU
		Release|Any CPU = Release|Any CPU
	EndGlobalSection
	GlobalSection(ProjectConfigurationPlatforms) = postSolution
		{49D529E8-9CEF-4FC6-A8D0-B07B1E20D332}.Debug|Any CPU.ActiveCfg = Debug|Any CPU
		{49D529E8-9CEF-4FC6-A8D0-B07B1E20D332}.Debug|Any CPU.Build.0 = Debug|Any CPU
		{49D529E8-9CEF-4FC6-A8D0-B07B1E20D332}.Release|Any CPU.ActiveCfg = Release|Any CPU
		{49D529E8-9CEF-4FC6-A8D0-B07B1E20D332}.Release|Any CPU.Build.0 = Release|Any CPU
	EndGlobalSection
	GlobalSection(SolutionProperties) = preSolution
		HideSolutionNode = FALSE
	EndGlobalSection
	GlobalSection(ExtensibilityGlobals) = postSolution
		SolutionGuid = {2E2BCD0C-7326-4101-B987-51EC67FA80F7}
	EndGlobalSection
EndGlobal
